
Microsoft Visual Studio Solution File, Format Version 12.00
# Visual Studio Version 17
VisualStudioVersion = 17.5.33516.290
MinimumVisualStudioVersion = 10.0.40219.1
Project("{8BC9CEB8-8B4A-11D0-8D11-00A0C91BC942}") = "IR-Receiver_10-10-2022_v2", "IR-Receiver_10-10-2022_v2\IR-Receiver_10-10-2022_v2.vcxproj", "{A25055AB-8CC4-4D37-BF0B-D2E24DA4F4FD}"
EndProject
Project("{8BC9CEB8-8B4A-11D0-8D11-00A0C91BC942}") = "TMP102_temp_sensor_30-10-2022_v1", "TMP102_temp_sensor_30-10-2022_v1\TMP102_temp_sensor_30-10-2022_v1.vcxproj", "{F0F1EAAC-D041-4A79-9F9C-5897EB4E815E}"
EndProject
Project("{8BC9CEB8-8B4A-11D0-8D11-00A0C91BC942}") = "STM32-Win32_rs232_communication_13-11-2022_v1", "STM32-Win32_rs232_communication_13-11-2022_v1\STM32-Win32_rs232_communication_13-11-2022_v1.vcxproj", "{C93983AD-17D0-45A9-9060-5297863C51FE}"
EndProject
Project("{8BC9CEB8-8B4A-11D0-8D11-00A0C91BC942}") = "IR-Receiver_10-10-2022_v3", "IR-Receiver_10-10-2022_v3\IR-Receiver_10-10-2022_v3.vcxproj", "{D935A329-577D-4C5B-BFCD-8F967ABF3D2D}"
EndProject
Project("{8BC9CEB8-8B4A-11D0-8D11-00A0C91BC942}") = "IR-Receiver_and_RTC_27-12-2022_v1", "IR-Receiver_and_RTC_27-12-2022_v1\IR-Receiver_and_RTC_27-12-2022_v1.vcxproj", "{ABD10B89-E1F5-4E4C-963A-1626DBD5E14C}"
EndProject
Project("{8BC9CEB8-8B4A-11D0-8D11-00A0C91BC942}") = "Stm32_Peripheral_w_TabControl_25-10-2023_v1", "Stm32_Peripheral_w_TabControl_25-10-2023_v1\Stm32_Peripheral_w_TabControl_25-10-2023_v1.vcxproj", "{703763A1-83D1-406C-94D0-A49864B2F70F}"
EndProject
Project("{8BC9CEB8-8B4A-11D0-8D11-00A0C91BC942}") = "STM32-Win32_rs232_communication_15-11-2023_v1", "STM32-Win32_rs232_communication_15-11-2023_v1\STM32-Win32_rs232_communication_15-11-2023_v1.vcxproj", "{61252156-C834-4B38-ABC2-11D7580C26CE}"
EndProject
Project("{8BC9CEB8-8B4A-11D0-8D11-00A0C91BC942}") = "Stm32_peripheral_w_TabControl_25-10-2023_v2", "Stm32_peripheral_w_TabControl_25-10-2023_v2\Stm32_peripheral_w_TabControl_25-10-2023_v2.vcxproj", "{6A622201-B98B-411F-A647-4B9D44C6CFAF}"
EndProject
Project("{8BC9CEB8-8B4A-11D0-8D11-00A0C91BC942}") = "STM32-Win32_rs232_communication_15-11-2023_v2", "STM32-Win32_rs232_communication_15-11-2023_v2\STM32-Win32_rs232_communication_15-11-2023_v2.vcxproj", "{0BCFDB97-30AD-4CDD-B694-142390BECD07}"
EndProject
Project("{8BC9CEB8-8B4A-11D0-8D11-00A0C91BC942}") = "All_8_Peripheral_05-11-2023_v3", "All_8_Peripheral_05-11-2023_v3\All_8_Peripheral_05-11-2023_v3.vcxproj", "{90C10415-9BBD-4EEA-99AB-E9349CE800D3}"
EndProject
Project("{8BC9CEB8-8B4A-11D0-8D11-00A0C91BC942}") = "STM32-Win32_rs232_communication_15-11-2023_v2_1", "STM32-Win32_rs232_communication_15-11-2023_v2_1\STM32-Win32_rs232_communication_15-11-2023_v2_1.vcxproj", "{76C7FD28-014B-4695-B096-CF2B9596E2D8}"
EndProject
Project("{8BC9CEB8-8B4A-11D0-8D11-00A0C91BC942}") = "All_8_Peripheral_05-11-2023_v3_1", "All_8_Peripheral_05-11-2023_v3_1\All_8_Peripheral_05-11-2023_v3_1.vcxproj", "{D8A48543-F40B-419B-BD23-D1A4357B62CA}"
EndProject
Global
	GlobalSection(SolutionConfigurationPlatforms) = preSolution
		Debug|x64 = Debug|x64
		Debug|x86 = Debug|x86
		Release|x64 = Release|x64
		Release|x86 = Release|x86
	EndGlobalSection
	GlobalSection(ProjectConfigurationPlatforms) = postSolution
		{A25055AB-8CC4-4D37-BF0B-D2E24DA4F4FD}.Debug|x64.ActiveCfg = Debug|x64
		{A25055AB-8CC4-4D37-BF0B-D2E24DA4F4FD}.Debug|x64.Build.0 = Debug|x64
		{A25055AB-8CC4-4D37-BF0B-D2E24DA4F4FD}.Debug|x86.ActiveCfg = Debug|Win32
		{A25055AB-8CC4-4D37-BF0B-D2E24DA4F4FD}.Debug|x86.Build.0 = Debug|Win32
		{A25055AB-8CC4-4D37-BF0B-D2E24DA4F4FD}.Release|x64.ActiveCfg = Release|x64
		{A25055AB-8CC4-4D37-BF0B-D2E24DA4F4FD}.Release|x64.Build.0 = Release|x64
		{A25055AB-8CC4-4D37-BF0B-D2E24DA4F4FD}.Release|x86.ActiveCfg = Release|Win32
		{A25055AB-8CC4-4D37-BF0B-D2E24DA4F4FD}.Release|x86.Build.0 = Release|Win32
		{F0F1EAAC-D041-4A79-9F9C-5897EB4E815E}.Debug|x64.ActiveCfg = Debug|x64
		{F0F1EAAC-D041-4A79-9F9C-5897EB4E815E}.Debug|x64.Build.0 = Debug|x64
		{F0F1EAAC-D041-4A79-9F9C-5897EB4E815E}.Debug|x86.ActiveCfg = Debug|Win32
		{F0F1EAAC-D041-4A79-9F9C-5897EB4E815E}.Debug|x86.Build.0 = Debug|Win32
		{F0F1EAAC-D041-4A79-9F9C-5897EB4E815E}.Release|x64.ActiveCfg = Release|x64
		{F0F1EAAC-D041-4A79-9F9C-5897EB4E815E}.Release|x64.Build.0 = Release|x64
		{F0F1EAAC-D041-4A79-9F9C-5897EB4E815E}.Release|x86.ActiveCfg = Release|Win32
		{F0F1EAAC-D041-4A79-9F9C-5897EB4E815E}.Release|x86.Build.0 = Release|Win32
		{C93983AD-17D0-45A9-9060-5297863C51FE}.Debug|x64.ActiveCfg = Debug|x64
		{C93983AD-17D0-45A9-9060-5297863C51FE}.Debug|x64.Build.0 = Debug|x64
		{C93983AD-17D0-45A9-9060-5297863C51FE}.Debug|x86.ActiveCfg = Debug|Win32
		{C93983AD-17D0-45A9-9060-5297863C51FE}.Debug|x86.Build.0 = Debug|Win32
		{C93983AD-17D0-45A9-9060-5297863C51FE}.Release|x64.ActiveCfg = Release|x64
		{C93983AD-17D0-45A9-9060-5297863C51FE}.Release|x64.Build.0 = Release|x64
		{C93983AD-17D0-45A9-9060-5297863C51FE}.Release|x86.ActiveCfg = Release|Win32
		{C93983AD-17D0-45A9-9060-5297863C51FE}.Release|x86.Build.0 = Release|Win32
		{D935A329-577D-4C5B-BFCD-8F967ABF3D2D}.Debug|x64.ActiveCfg = Debug|x64
		{D935A329-577D-4C5B-BFCD-8F967ABF3D2D}.Debug|x64.Build.0 = Debug|x64
		{D935A329-577D-4C5B-BFCD-8F967ABF3D2D}.Debug|x86.ActiveCfg = Debug|Win32
		{D935A329-577D-4C5B-BFCD-8F967ABF3D2D}.Debug|x86.Build.0 = Debug|Win32
		{D935A329-577D-4C5B-BFCD-8F967ABF3D2D}.Release|x64.ActiveCfg = Release|x64
		{D935A329-577D-4C5B-BFCD-8F967ABF3D2D}.Release|x64.Build.0 = Release|x64
		{D935A329-577D-4C5B-BFCD-8F967ABF3D2D}.Release|x86.ActiveCfg = Release|Win32
		{D935A329-577D-4C5B-BFCD-8F967ABF3D2D}.Release|x86.Build.0 = Release|Win32
		{ABD10B89-E1F5-4E4C-963A-1626DBD5E14C}.Debug|x64.ActiveCfg = Debug|x64
		{ABD10B89-E1F5-4E4C-963A-1626DBD5E14C}.Debug|x64.Build.0 = Debug|x64
		{ABD10B89-E1F5-4E4C-963A-1626DBD5E14C}.Debug|x86.ActiveCfg = Debug|Win32
		{ABD10B89-E1F5-4E4C-963A-1626DBD5E14C}.Debug|x86.Build.0 = Debug|Win32
		{ABD10B89-E1F5-4E4C-963A-1626DBD5E14C}.Release|x64.ActiveCfg = Release|x64
		{ABD10B89-E1F5-4E4C-963A-1626DBD5E14C}.Release|x64.Build.0 = Release|x64
		{ABD10B89-E1F5-4E4C-963A-1626DBD5E14C}.Release|x86.ActiveCfg = Release|Win32
		{ABD10B89-E1F5-4E4C-963A-1626DBD5E14C}.Release|x86.Build.0 = Release|Win32
		{703763A1-83D1-406C-94D0-A49864B2F70F}.Debug|x64.ActiveCfg = Debug|x64
		{703763A1-83D1-406C-94D0-A49864B2F70F}.Debug|x64.Build.0 = Debug|x64
		{703763A1-83D1-406C-94D0-A49864B2F70F}.Debug|x86.ActiveCfg = Debug|Win32
		{703763A1-83D1-406C-94D0-A49864B2F70F}.Debug|x86.Build.0 = Debug|Win32
		{703763A1-83D1-406C-94D0-A49864B2F70F}.Release|x64.ActiveCfg = Release|x64
		{703763A1-83D1-406C-94D0-A49864B2F70F}.Release|x64.Build.0 = Release|x64
		{703763A1-83D1-406C-94D0-A49864B2F70F}.Release|x86.ActiveCfg = Release|Win32
		{703763A1-83D1-406C-94D0-A49864B2F70F}.Release|x86.Build.0 = Release|Win32
		{61252156-C834-4B38-ABC2-11D7580C26CE}.Debug|x64.ActiveCfg = Debug|x64
		{61252156-C834-4B38-ABC2-11D7580C26CE}.Debug|x64.Build.0 = Debug|x64
		{61252156-C834-4B38-ABC2-11D7580C26CE}.Debug|x86.ActiveCfg = Debug|Win32
		{61252156-C834-4B38-ABC2-11D7580C26CE}.Debug|x86.Build.0 = Debug|Win32
		{61252156-C834-4B38-ABC2-11D7580C26CE}.Release|x64.ActiveCfg = Release|x64
		{61252156-C834-4B38-ABC2-11D7580C26CE}.Release|x64.Build.0 = Release|x64
		{61252156-C834-4B38-ABC2-11D7580C26CE}.Release|x86.ActiveCfg = Release|Win32
		{61252156-C834-4B38-ABC2-11D7580C26CE}.Release|x86.Build.0 = Release|Win32
		{6A622201-B98B-411F-A647-4B9D44C6CFAF}.Debug|x64.ActiveCfg = Debug|x64
		{6A622201-B98B-411F-A647-4B9D44C6CFAF}.Debug|x64.Build.0 = Debug|x64
		{6A622201-B98B-411F-A647-4B9D44C6CFAF}.Debug|x86.ActiveCfg = Debug|Win32
		{6A622201-B98B-411F-A647-4B9D44C6CFAF}.Debug|x86.Build.0 = Debug|Win32
		{6A622201-B98B-411F-A647-4B9D44C6CFAF}.Release|x64.ActiveCfg = Release|x64
		{6A622201-B98B-411F-A647-4B9D44C6CFAF}.Release|x64.Build.0 = Release|x64
		{6A622201-B98B-411F-A647-4B9D44C6CFAF}.Release|x86.ActiveCfg = Release|Win32
		{6A622201-B98B-411F-A647-4B9D44C6CFAF}.Release|x86.Build.0 = Release|Win32
		{0BCFDB97-30AD-4CDD-B694-142390BECD07}.Debug|x64.ActiveCfg = Debug|x64
		{0BCFDB97-30AD-4CDD-B694-142390BECD07}.Debug|x64.Build.0 = Debug|x64
		{0BCFDB97-30AD-4CDD-B694-142390BECD07}.Debug|x86.ActiveCfg = Debug|Win32
		{0BCFDB97-30AD-4CDD-B694-142390BECD07}.Debug|x86.Build.0 = Debug|Win32
		{0BCFDB97-30AD-4CDD-B694-142390BECD07}.Release|x64.ActiveCfg = Release|x64
		{0BCFDB97-30AD-4CDD-B694-142390BECD07}.Release|x64.Build.0 = Release|x64
		{0BCFDB97-30AD-4CDD-B694-142390BECD07}.Release|x86.ActiveCfg = Release|Win32
		{0BCFDB97-30AD-4CDD-B694-142390BECD07}.Release|x86.Build.0 = Release|Win32
		{90C10415-9BBD-4EEA-99AB-E9349CE800D3}.Debug|x64.ActiveCfg = Debug|x64
		{90C10415-9BBD-4EEA-99AB-E9349CE800D3}.Debug|x64.Build.0 = Debug|x64
		{90C10415-9BBD-4EEA-99AB-E9349CE800D3}.Debug|x86.ActiveCfg = Debug|Win32
		{90C10415-9BBD-4EEA-99AB-E9349CE800D3}.Debug|x86.Build.0 = Debug|Win32
		{90C10415-9BBD-4EEA-99AB-E9349CE800D3}.Release|x64.ActiveCfg = Release|x64
		{90C10415-9BBD-4EEA-99AB-E9349CE800D3}.Release|x64.Build.0 = Release|x64
		{90C10415-9BBD-4EEA-99AB-E9349CE800D3}.Release|x86.ActiveCfg = Release|Win32
		{90C10415-9BBD-4EEA-99AB-E9349CE800D3}.Release|x86.Build.0 = Release|Win32
		{76C7FD28-014B-4695-B096-CF2B9596E2D8}.Debug|x64.ActiveCfg = Debug|x64
		{76C7FD28-014B-4695-B096-CF2B9596E2D8}.Debug|x64.Build.0 = Debug|x64
		{76C7FD28-014B-4695-B096-CF2B9596E2D8}.Debug|x86.ActiveCfg = Debug|Win32
		{76C7FD28-014B-4695-B096-CF2B9596E2D8}.Debug|x86.Build.0 = Debug|Win32
		{76C7FD28-014B-4695-B096-CF2B9596E2D8}.Release|x64.ActiveCfg = Release|x64
		{76C7FD28-014B-4695-B096-CF2B9596E2D8}.Release|x64.Build.0 = Release|x64
		{76C7FD28-014B-4695-B096-CF2B9596E2D8}.Release|x86.ActiveCfg = Release|Win32
		{76C7FD28-014B-4695-B096-CF2B9596E2D8}.Release|x86.Build.0 = Release|Win32
		{D8A48543-F40B-419B-BD23-D1A4357B62CA}.Debug|x64.ActiveCfg = Debug|x64
		{D8A48543-F40B-419B-BD23-D1A4357B62CA}.Debug|x64.Build.0 = Debug|x64
		{D8A48543-F40B-419B-BD23-D1A4357B62CA}.Debug|x86.ActiveCfg = Debug|Win32
		{D8A48543-F40B-419B-BD23-D1A4357B62CA}.Debug|x86.Build.0 = Debug|Win32
		{D8A48543-F40B-419B-BD23-D1A4357B62CA}.Release|x64.ActiveCfg = Release|x64
		{D8A48543-F40B-419B-BD23-D1A4357B62CA}.Release|x64.Build.0 = Release|x64
		{D8A48543-F40B-419B-BD23-D1A4357B62CA}.Release|x86.ActiveCfg = Release|Win32
		{D8A48543-F40B-419B-BD23-D1A4357B62CA}.Release|x86.Build.0 = Release|Win32
	EndGlobalSection
	GlobalSection(SolutionProperties) = preSolution
		HideSolutionNode = FALSE
	EndGlobalSection
	GlobalSection(ExtensibilityGlobals) = postSolution
		SolutionGuid = {7F69916F-E101-4DBA-8009-E352E5A7DF37}
	EndGlobalSection
EndGlobal
